
Microsoft Visual Studio Solution File, Format Version 12.00
# Visual Studio Version 17
VisualStudioVersion = 17.9.34622.214
MinimumVisualStudioVersion = 10.0.40219.1
Project("{FAE04EC0-301F-11D3-BF4B-00C04F79EFBC}") = "winform-app", "winform-app\winform-app.csproj", "{64691149-0D67-4687-9315-DD354C067696}"
EndProject
Project("{FAE04EC0-301F-11D3-BF4B-00C04F79EFBC}") = "dominio", "dominio\dominio.csproj", "{127C7B41-E508-4DE0-A5C2-A4883AE193FF}"
EndProject
Project("{FAE04EC0-301F-11D3-BF4B-00C04F79EFBC}") = "negocio", "negocio\negocio.csproj", "{06A29C16-4427-4DBB-9146-A0C177E55C37}"
EndProject
Global
	GlobalSection(SolutionConfigurationPlatforms) = preSolution
		Debug|Any CPU = Debug|Any CPU
		Release|Any CPU = Release|Any CPU
	EndGlobalSection
	GlobalSection(ProjectConfigurationPlatforms) = postSolution
		{64691149-0D67-4687-9315-DD354C067696}.Debug|Any CPU.ActiveCfg = Debug|Any CPU
		{64691149-0D67-4687-9315-DD354C067696}.Debug|Any CPU.Build.0 = Debug|Any CPU
		{64691149-0D67-4687-9315-DD354C067696}.Release|Any CPU.ActiveCfg = Release|Any CPU
		{64691149-0D67-4687-9315-DD354C067696}.Release|Any CPU.Build.0 = Release|Any CPU
		{127C7B41-E508-4DE0-A5C2-A4883AE193FF}.Debug|Any CPU.ActiveCfg = Debug|Any CPU
		{127C7B41-E508-4DE0-A5C2-A4883AE193FF}.Debug|Any CPU.Build.0 = Debug|Any CPU
		{127C7B41-E508-4DE0-A5C2-A4883AE193FF}.Release|Any CPU.ActiveCfg = Release|Any CPU
		{127C7B41-E508-4DE0-A5C2-A4883AE193FF}.Release|Any CPU.Build.0 = Release|Any CPU
		{06A29C16-4427-4DBB-9146-A0C177E55C37}.Debug|Any CPU.ActiveCfg = Debug|Any CPU
		{06A29C16-4427-4DBB-9146-A0C177E55C37}.Debug|Any CPU.Build.0 = Debug|Any CPU
		{06A29C16-4427-4DBB-9146-A0C177E55C37}.Release|Any CPU.ActiveCfg = Release|Any CPU
		{06A29C16-4427-4DBB-9146-A0C177E55C37}.Release|Any CPU.Build.0 = Release|Any CPU
	EndGlobalSection
	GlobalSection(SolutionProperties) = preSolution
		HideSolutionNode = FALSE
	EndGlobalSection
	GlobalSection(ExtensibilityGlobals) = postSolution
		SolutionGuid = {3F215985-916E-4375-BBA5-21928DDEC4B9}
	EndGlobalSection
EndGlobal
